{
  "generation_id": "g_20260915T123158Z_e3b0",
  "molecules": [
    {
      "id": "com.github.haexmas.atoms.general-coding",
      "paths": [
        ".spaex/constitution.md"
      ],
      "revision": "1273ecd75ad0a644218e00146e4ad935b7605c9f",
      "source": "https://github.com/haexmas/atoms"
    },
    {
      "hook_status": "ok",
      "id": "com.github.haexmas.atoms.graphify-first-authoring",
      "paths": [
        ".spaex/constitution.md"
      ],
      "revision": "1273ecd75ad0a644218e00146e4ad935b7605c9f",
      "source": "https://github.com/haexmas/atoms"
    },
    {
      "id": "com.github.haexmas.atoms.ponytail",
      "paths": [
        ".spaex/constitution.md"
      ],
      "revision": "1273ecd75ad0a644218e00146e4ad935b7605c9f",
      "source": "https://github.com/haexmas/atoms"
    },
    {
      "id": "com.github.haexmas.atoms.python",
      "paths": [
        ".spaex/constitution.md"
      ],
      "revision": "1273ecd75ad0a644218e00146e4ad935b7605c9f",
      "source": "https://github.com/haexmas/atoms"
    },
    {
      "id": "com.github.haexmas.atoms.spaex-constitution",
      "paths": [
        ".spaex/constitution.md"
      ],
      "revision": "1273ecd75ad0a644218e00146e4ad935b7605c9f",
      "source": "https://github.com/haexmas/atoms"
    }
  ],
  "spaex_version": "4"
}
