{
  "generation_id": "g_20260915T115008Z_e3b0",
  "molecules": [
    {
      "id": "com.github.haexmas.atoms.general-coding",
      "paths": [
        ".spaex/constitution.md"
      ],
      "revision": "9c497039a508c1abbd32933570a8df53f9a2a9e4",
      "source": "https://github.com/haexmas/atoms"
    },
    {
      "id": "com.github.haexmas.atoms.graphify-first-authoring",
      "paths": [
        ".spaex/constitution.md"
      ],
      "revision": "9c497039a508c1abbd32933570a8df53f9a2a9e4",
      "source": "https://github.com/haexmas/atoms"
    },
    {
      "id": "com.github.haexmas.atoms.ponytail",
      "paths": [
        ".spaex/constitution.md"
      ],
      "revision": "9c497039a508c1abbd32933570a8df53f9a2a9e4",
      "source": "https://github.com/haexmas/atoms"
    },
    {
      "id": "com.github.haexmas.atoms.python",
      "paths": [
        ".spaex/constitution.md"
      ],
      "revision": "9c497039a508c1abbd32933570a8df53f9a2a9e4",
      "source": "https://github.com/haexmas/atoms"
    },
    {
      "id": "com.github.haexmas.atoms.spaex-constitution",
      "paths": [
        ".spaex/constitution.md"
      ],
      "revision": "9c497039a508c1abbd32933570a8df53f9a2a9e4",
      "source": "https://github.com/haexmas/atoms"
    }
  ],
  "spaex_version": "4"
}
