{
  "constitution": {
    "assembled_by": {
      "tool": "haex",
      "version": "2.0.0"
    },
    "content_integrity": "sha256-DAuMjkIj23D/UoSugDdh+MNiDZ1UUA14faQ3Zj5+F4E=",
    "sources": [
      {
        "id": "com.github.haexmas.haex-hive.constitution",
        "revision": "cc5fa948264369fa58f91b61fbd7bec62ebf6c69",
        "source": "https://github.com/haexmas/haex-hive"
      },
      {
        "id": "com.github.haexmas.haex-hive.graphify-first-authoring",
        "revision": "023decdcf1e52b681b3829c5c036007f2d956de8",
        "source": "https://github.com/haexmas/haex-hive"
      }
    ]
  },
  "generated_by": "haex 2.0.0",
  "haex_hive_version": "2"
}
