{
  "generation_id": "g_20260904T223900Z_b6df",
  "haex_hive_version": "3",
  "molecules": [
    {
      "id": "com.github.haexmas.haex-hive.constitution",
      "paths": [
        ".haex-hive/constitution.md"
      ],
      "revision": "fc05d7aa6ca454a6f057f17d59d8a289e897399f",
      "source": "https://github.com/haexmas/haex-hive"
    }
  ]
}
