{
  "constitution": {
    "assembled_by": {
      "tool": "haex",
      "version": "2.0.0"
    },
    "content_integrity": "sha256-QK+AUjCuNhHjAJap8cbgk6VkyZipJm3f1ZIH4oOqigg=",
    "sources": [
      {
        "id": "com.github.haexmas.haex-hive.constitution",
        "revision": "443c3af57255f3d85a57774c1f54439190462534",
        "source": "https://github.com/haexmas/haex-hive"
      },
      {
        "id": "com.github.haexmas.haex-hive.graphify-first-authoring",
        "revision": "a83ef22cf171133cd62a26be489cc791aec0b053",
        "source": "https://github.com/haexmas/haex-hive"
      }
    ]
  },
  "generated_by": "haex 2.0.0",
  "haex_hive_version": "2"
}
